{
  "version": 4,
  "terraform_version": "1.13.3",
  "serial": 10,
  "lineage": "8c5d4db9-bf5d-8e28-643f-ed9b8d649383",
  "outputs": {
    "db_instance_connection_name": {
      "value": "synapticids:southamerica-east1:synapticids-db-instance",
      "type": "string"
    },
    "gke_cluster_name": {
      "value": "synapticids-cluster",
      "type": "string"
    },
    "redis_instance_host": {
      "value": "10.44.95.43",
      "type": "string"
    }
  },
  "resources": [
    {
      "mode": "managed",
      "type": "google_redis_instance",
      "name": "cache",
      "provider": "provider[\"registry.terraform.io/hashicorp/google\"]",
      "instances": [
        {
          "schema_version": 0,
          "attributes": {
            "alternative_location_id": "",
            "auth_enabled": false,
            "auth_string": "",
            "authorized_network": "projects/synapticids/global/networks/default",
            "connect_mode": "DIRECT_PEERING",
            "create_time": "2025-10-16T13:19:44.169838064Z",
            "current_location_id": "southamerica-east1-a",
            "customer_managed_key": "",
            "display_name": "",
            "effective_labels": {
              "goog-terraform-provisioned": "true"
            },
            "effective_reserved_ip_range": "10.44.95.40/29",
            "host": "10.44.95.43",
            "id": "projects/synapticids/locations/southamerica-east1/instances/synapticids-redis",
            "labels": null,
            "location_id": "southamerica-east1-a",
            "maintenance_policy": [],
            "maintenance_schedule": [],
            "maintenance_version": "20251007_00_00",
            "memory_size_gb": 1,
            "name": "synapticids-redis",
            "nodes": [
              {
                "id": "node-0",
                "zone": "southamerica-east1-a"
              }
            ],
            "persistence_config": [
              {
                "persistence_mode": "DISABLED",
                "rdb_next_snapshot_time": "",
                "rdb_snapshot_period": "",
                "rdb_snapshot_start_time": ""
              }
            ],
            "persistence_iam_identity": "serviceAccount:service-564358826533@cloud-redis.iam.gserviceaccount.com",
            "port": 6379,
            "project": "synapticids",
            "read_endpoint": "",
            "read_endpoint_port": 0,
            "read_replicas_mode": "READ_REPLICAS_DISABLED",
            "redis_configs": null,
            "redis_version": "REDIS_7_0",
            "region": "southamerica-east1",
            "replica_count": 0,
            "reserved_ip_range": null,
            "secondary_ip_range": "",
            "server_ca_certs": [],
            "terraform_labels": {
              "goog-terraform-provisioned": "true"
            },
            "tier": "BASIC",
            "timeouts": null,
            "transit_encryption_mode": "DISABLED"
          },
          "sensitive_attributes": [
            [
              {
                "type": "get_attr",
                "value": "auth_string"
              }
            ]
          ],
          "identity_schema_version": 0,
          "private": "eyJlMmJmYjczMC1lY2FhLTExZTYtOGY4OC0zNDM2M2JjN2M0YzAiOnsiY3JlYXRlIjoxMjAwMDAwMDAwMDAwLCJkZWxldGUiOjEyMDAwMDAwMDAwMDAsInVwZGF0ZSI6MTIwMDAwMDAwMDAwMH19"
        }
      ]
    },
    {
      "mode": "managed",
      "type": "google_sql_database",
      "name": "database",
      "provider": "provider[\"registry.terraform.io/hashicorp/google\"]",
      "instances": [
        {
          "schema_version": 0,
          "attributes": {
            "charset": "UTF8",
            "collation": "en_US.UTF8",
            "deletion_policy": "DELETE",
            "id": "projects/synapticids/instances/synapticids-db-instance/databases/synapticids_db",
            "instance": "synapticids-db-instance",
            "name": "synapticids_db",
            "project": "synapticids",
            "self_link": "https://sqladmin.googleapis.com/sql/v1beta4/projects/synapticids/instances/synapticids-db-instance/databases/synapticids_db",
            "timeouts": null
          },
          "sensitive_attributes": [],
          "identity_schema_version": 0,
          "private": "eyJlMmJmYjczMC1lY2FhLTExZTYtOGY4OC0zNDM2M2JjN2M0YzAiOnsiY3JlYXRlIjoxMjAwMDAwMDAwMDAwLCJkZWxldGUiOjEyMDAwMDAwMDAwMDAsInVwZGF0ZSI6MTIwMDAwMDAwMDAwMH19",
          "dependencies": [
            "google_sql_database_instance.main"
          ]
        }
      ]
    },
    {
      "mode": "managed",
      "type": "google_sql_database_instance",
      "name": "main",
      "provider": "provider[\"registry.terraform.io/hashicorp/google\"]",
      "instances": [
        {
          "schema_version": 0,
          "attributes": {
            "available_maintenance_versions": [],
            "backupdr_backup": null,
            "clone": [],
            "connection_name": "synapticids:southamerica-east1:synapticids-db-instance",
            "database_version": "POSTGRES_14",
            "deletion_protection": true,
            "dns_name": "",
            "dns_names": [],
            "encryption_key_name": null,
            "final_backup_description": null,
            "first_ip_address": "34.39.221.219",
            "id": "synapticids-db-instance",
            "instance_type": "CLOUD_SQL_INSTANCE",
            "ip_address": [
              {
                "ip_address": "34.39.221.219",
                "time_to_retire": "",
                "type": "PRIMARY"
              },
              {
                "ip_address": "34.39.156.40",
                "time_to_retire": "",
                "type": "OUTGOING"
              }
            ],
            "maintenance_version": "POSTGRES_14_19.R20250727.00_29",
            "master_instance_name": "",
            "name": "synapticids-db-instance",
            "node_count": 0,
            "point_in_time_restore_context": [],
            "private_ip_address": "",
            "project": "synapticids",
            "psc_service_attachment_link": "",
            "public_ip_address": "34.39.221.219",
            "region": "southamerica-east1",
            "replica_configuration": [],
            "replica_names": [],
            "replication_cluster": [
              {
                "dr_replica": false,
                "failover_dr_replica_name": "",
                "psa_write_endpoint": ""
              }
            ],
            "restore_backup_context": [],
            "root_password": null,
            "self_link": "https://sqladmin.googleapis.com/sql/v1beta4/projects/synapticids/instances/synapticids-db-instance",
            "server_ca_cert": [
              {
                "cert": "-----BEGIN CERTIFICATE-----\nMIIDfzCCAmegAwIBAgIBADANBgkqhkiG9w0BAQsFADB3MS0wKwYDVQQuEyQ1MmIx\nYzcxOS0wZDUyLTQ3Y2EtODE0OC04ZDg5MzQ5MDEzMjIxIzAhBgNVBAMTGkdvb2ds\nZSBDbG91ZCBTUUwgU2VydmVyIENBMRQwEgYDVQQKEwtHb29nbGUsIEluYzELMAkG\nA1UEBhMCVVMwHhcNMjUxMDE2MTMyMDQ0WhcNMzUxMDE0MTMyMTQ0WjB3MS0wKwYD\nVQQuEyQ1MmIxYzcxOS0wZDUyLTQ3Y2EtODE0OC04ZDg5MzQ5MDEzMjIxIzAhBgNV\nBAMTGkdvb2dsZSBDbG91ZCBTUUwgU2VydmVyIENBMRQwEgYDVQQKEwtHb29nbGUs\nIEluYzELMAkGA1UEBhMCVVMwggEiMA0GCSqGSIb3DQEBAQUAA4IBDwAwggEKAoIB\nAQCtnj00Yl0pnFy5diOOCgqzZQvikV3eXeSYhv8TGA+9mpPtBmOOvgmXOUwPd81O\nyD3vvEG+/TEiVKZrSBzfaEuHO500YlqTl6wUUyyFytl1mwerxBYIPbfRJHipROSS\nEao+Y5hY1VXhnwN/+4N2glh5ptAmbbLMoDezMmVVSQcmYPkXInTY56cgqlRjdOec\nOwDgN43GxdZjJZij0UsC2PCk/5ukXl+H13X75aTuyuxDxhrPcjFRpXF4WsoFJk5q\nVxBb3YvBs0vbQ4KArNuSXzD/bJf5XFcNLkohMxQAzprDuRQzXUMRohqGV4rKyTSx\njJLcjvvtKSB1OxfAJOJTRM6bAgMBAAGjFjAUMBIGA1UdEwEB/wQIMAYBAf8CAQAw\nDQYJKoZIhvcNAQELBQADggEBAHXksBcyHAZ1hX65e4Wa6654ujBA0RfWyEdVFxC8\nEh48wj8rNEqjmb2th5xX5ETbMiilRjbSPq5P+Z0Hm9j1KPb4JtuElyoiFu4sI135\nWGgk3lhw6BjhaBTHQzJprQulKpEA9++gPfOpN9xTSdLSU1M9/o+ve8DB+zogZtjQ\nmfH+X/9NNcPkFlEbsBIpzQWd95OjjZHX712LrM/L0rrV+gcMrH96Uc6GGoNmHwXg\ngu6jvupP+nE0BEiwxtaHR7W7zbkkhgEqH6E7isBNY+0q7kaA8Om2f2SHO6+71DHm\n0p3pJ79uM2HDfjA+QJ65YXDHGpJZIryNZNqHiueEWqSZzzA=\n-----END CERTIFICATE-----",
                "common_name": "C=US,O=Google\\, Inc,CN=Google Cloud SQL Server CA,dnQualifier=52b1c719-0d52-47ca-8148-8d8934901322",
                "create_time": "2025-10-16T13:20:44.589Z",
                "expiration_time": "2035-10-14T13:21:44.589Z",
                "sha1_fingerprint": "d98818b05d9884a000b295d65cbf96ea7bcb5f87"
              }
            ],
            "service_account_email_address": "p564358826533-ebtza1@gcp-sa-cloud-sql.iam.gserviceaccount.com",
            "settings": [
              {
                "activation_policy": "ALWAYS",
                "active_directory_config": [],
                "advanced_machine_features": [],
                "availability_type": "ZONAL",
                "backup_configuration": [
                  {
                    "backup_retention_settings": [
                      {
                        "retained_backups": 7,
                        "retention_unit": "COUNT"
                      }
                    ],
                    "binary_log_enabled": false,
                    "enabled": false,
                    "location": "",
                    "point_in_time_recovery_enabled": false,
                    "start_time": "01:00",
                    "transaction_log_retention_days": 7
                  }
                ],
                "collation": "",
                "connection_pool_config": [],
                "connector_enforcement": "NOT_REQUIRED",
                "data_cache_config": [
                  {
                    "data_cache_enabled": false
                  }
                ],
                "database_flags": [],
                "deletion_protection_enabled": false,
                "deny_maintenance_period": [],
                "disk_autoresize": true,
                "disk_autoresize_limit": 0,
                "disk_size": 10,
                "disk_type": "PD_SSD",
                "edition": "ENTERPRISE",
                "effective_availability_type": "ZONAL",
                "enable_dataplex_integration": false,
                "enable_google_ml_integration": false,
                "final_backup_config": [],
                "insights_config": [],
                "ip_configuration": [
                  {
                    "allocated_ip_range": "",
                    "authorized_networks": [],
                    "custom_subject_alternative_names": [],
                    "enable_private_path_for_google_cloud_services": false,
                    "ipv4_enabled": true,
                    "private_network": "",
                    "psc_config": [],
                    "server_ca_mode": "GOOGLE_MANAGED_INTERNAL_CA",
                    "server_ca_pool": "",
                    "ssl_mode": "ALLOW_UNENCRYPTED_AND_ENCRYPTED"
                  }
                ],
                "location_preference": [
                  {
                    "follow_gae_application": "",
                    "secondary_zone": "",
                    "zone": "southamerica-east1-b"
                  }
                ],
                "maintenance_window": [],
                "password_validation_policy": [],
                "pricing_plan": "PER_USE",
                "retain_backups_on_delete": false,
                "sql_server_audit_config": [],
                "tier": "db-f1-micro",
                "time_zone": "",
                "user_labels": {},
                "version": 1
              }
            ],
            "timeouts": null
          },
          "sensitive_attributes": [
            [
              {
                "type": "get_attr",
                "value": "root_password"
              }
            ],
            [
              {
                "type": "get_attr",
                "value": "server_ca_cert"
              }
            ]
          ],
          "identity_schema_version": 0,
          "private": "eyJlMmJmYjczMC1lY2FhLTExZTYtOGY4OC0zNDM2M2JjN2M0YzAiOnsiY3JlYXRlIjo1NDAwMDAwMDAwMDAwLCJkZWxldGUiOjU0MDAwMDAwMDAwMDAsInVwZGF0ZSI6NTQwMDAwMDAwMDAwMH19"
        }
      ]
    },
    {
      "mode": "managed",
      "type": "google_sql_user",
      "name": "user",
      "provider": "provider[\"registry.terraform.io/hashicorp/google\"]",
      "instances": [
        {
          "schema_version": 1,
          "attributes": {
            "deletion_policy": null,
            "host": "",
            "id": "synapticids_user//synapticids-db-instance",
            "instance": "synapticids-db-instance",
            "name": "synapticids_user",
            "password": "aGmKXr3Man4ZmOvr",
            "password_policy": [],
            "password_wo": null,
            "password_wo_version": null,
            "project": "synapticids",
            "sql_server_user_details": [],
            "timeouts": null,
            "type": ""
          },
          "sensitive_attributes": [
            [
              {
                "type": "get_attr",
                "value": "password"
              }
            ]
          ],
          "identity_schema_version": 0,
          "private": "eyJlMmJmYjczMC1lY2FhLTExZTYtOGY4OC0zNDM2M2JjN2M0YzAiOnsiY3JlYXRlIjo2MDAwMDAwMDAwMDAsImRlbGV0ZSI6NjAwMDAwMDAwMDAwLCJ1cGRhdGUiOjYwMDAwMDAwMDAwMH0sInNjaGVtYV92ZXJzaW9uIjoiMSJ9",
          "dependencies": [
            "google_sql_database_instance.main"
          ]
        }
      ]
    }
  ],
  "check_results": null
}
