{
  "version": 4,
  "terraform_version": "1.13.3",
  "serial": 12,
  "lineage": "8c5d4db9-bf5d-8e28-643f-ed9b8d649383",
  "outputs": {
    "db_instance_connection_name": {
      "value": "synapticids:southamerica-east1:synapticids-db-instance",
      "type": "string"
    },
    "gke_cluster_endpoint": {
      "value": "35.247.235.146",
      "type": "string"
    },
    "gke_cluster_name": {
      "value": "synapticids-cluster",
      "type": "string"
    },
    "redis_instance_host": {
      "value": "10.44.95.43",
      "type": "string"
    }
  },
  "resources": [
    {
      "mode": "managed",
      "type": "google_container_cluster",
      "name": "primary",
      "provider": "provider[\"registry.terraform.io/hashicorp/google\"]",
      "instances": [
        {
          "schema_version": 2,
          "attributes": {
            "addons_config": [
              {
                "cloudrun_config": [],
                "config_connector_config": [],
                "dns_cache_config": [],
                "gce_persistent_disk_csi_driver_config": [
                  {
                    "enabled": true
                  }
                ],
                "gcp_filestore_csi_driver_config": [],
                "gcs_fuse_csi_driver_config": [],
                "gke_backup_agent_config": [],
                "horizontal_pod_autoscaling": [],
                "http_load_balancing": [],
                "lustre_csi_driver_config": [],
                "network_policy_config": [
                  {
                    "disabled": true
                  }
                ],
                "parallelstore_csi_driver_config": [],
                "ray_operator_config": [],
                "stateful_ha_config": []
              }
            ],
            "allow_net_admin": null,
            "anonymous_authentication_config": [
              {
                "mode": "ENABLED"
              }
            ],
            "authenticator_groups_config": [],
            "binary_authorization": [
              {
                "enabled": false,
                "evaluation_mode": ""
              }
            ],
            "cluster_autoscaling": [
              {
                "auto_provisioning_defaults": [],
                "auto_provisioning_locations": [],
                "autoscaling_profile": "BALANCED",
                "default_compute_class_enabled": false,
                "enabled": false,
                "resource_limits": []
              }
            ],
            "cluster_ipv4_cidr": "10.48.0.0/14",
            "confidential_nodes": [],
            "control_plane_endpoints_config": [
              {
                "dns_endpoint_config": [
                  {
                    "allow_external_traffic": false,
                    "endpoint": "gke-4824ec7e5e974b769db6d0345887b2cfb40f-564358826533.southamerica-east1.gke.goog"
                  }
                ],
                "ip_endpoints_config": [
                  {
                    "enabled": true
                  }
                ]
              }
            ],
            "cost_management_config": [],
            "database_encryption": [
              {
                "key_name": "",
                "state": "DECRYPTED"
              }
            ],
            "datapath_provider": "",
            "default_max_pods_per_node": 110,
            "default_snat_status": [
              {
                "disabled": false
              }
            ],
            "deletion_protection": true,
            "description": "",
            "disable_l4_lb_firewall_reconciliation": false,
            "dns_config": [],
            "effective_labels": {
              "goog-terraform-provisioned": "true"
            },
            "enable_autopilot": false,
            "enable_cilium_clusterwide_network_policy": false,
            "enable_fqdn_network_policy": false,
            "enable_intranode_visibility": false,
            "enable_k8s_beta_apis": [],
            "enable_kubernetes_alpha": false,
            "enable_l4_ilb_subsetting": false,
            "enable_legacy_abac": false,
            "enable_multi_networking": false,
            "enable_shielded_nodes": true,
            "enable_tpu": false,
            "endpoint": "35.247.235.146",
            "enterprise_config": [
              {
                "cluster_tier": "STANDARD",
                "desired_tier": ""
              }
            ],
            "fleet": [],
            "gateway_api_config": [],
            "gke_auto_upgrade_config": [],
            "id": "projects/synapticids/locations/southamerica-east1/clusters/synapticids-cluster",
            "identity_service_config": [],
            "in_transit_encryption_config": "",
            "initial_node_count": 1,
            "ip_allocation_policy": [
              {
                "additional_ip_ranges_config": [],
                "additional_pod_ranges_config": [],
                "auto_ipam_config": [],
                "cluster_ipv4_cidr_block": "10.48.0.0/14",
                "cluster_secondary_range_name": "gke-synapticids-cluster-pods-4824ec7e",
                "pod_cidr_overprovision_config": [
                  {
                    "disabled": false
                  }
                ],
                "services_ipv4_cidr_block": "34.118.224.0/20",
                "services_secondary_range_name": "",
                "stack_type": "IPV4"
              }
            ],
            "label_fingerprint": "78cdf2f6",
            "location": "southamerica-east1",
            "logging_config": [
              {
                "enable_components": [
                  "SYSTEM_COMPONENTS",
                  "WORKLOADS"
                ]
              }
            ],
            "logging_service": "logging.googleapis.com/kubernetes",
            "maintenance_policy": [],
            "master_auth": [
              {
                "client_certificate": "",
                "client_certificate_config": [
                  {
                    "issue_client_certificate": false
                  }
                ],
                "client_key": "",
                "cluster_ca_certificate": "LS0tLS1CRUdJTiBDRVJUSUZJQ0FURS0tLS0tCk1JSUVMRENDQXBTZ0F3SUJBZ0lRSGpoQVI2ZDlMaWdJMWgrREZWOXdmREFOQmdrcWhraUc5dzBCQVFzRkFEQXYKTVMwd0t3WURWUVFERXlReVlXVTVZalkyTXkwek5qYzFMVFJtTldFdFlqWm1aUzAxTlRneU16TTRORGc1TmprdwpJQmNOTWpVeE1ERTJNVEl6TWpReVdoZ1BNakExTlRFd01Ea3hNek15TkRKYU1DOHhMVEFyQmdOVkJBTVRKREpoClpUbGlOall6TFRNMk56VXROR1kxWVMxaU5tWmxMVFUxT0RJek16ZzBPRGsyT1RDQ0FhSXdEUVlKS29aSWh2Y04KQVFFQkJRQURnZ0dQQURDQ0FZb0NnZ0dCQU5CbDhScE8zSXdUanFKQWhRRC9QVzVHUlArWm9jNytaOTRjNFd1RwpucW10SnI1OFQ4RFJkMWpvUldWOXhFK2VKSDlPRWJsRXhRMW0xUTR3MVRmSlNIc3pkWHNYY205VGc1Q3pNdWorCjl3UGdzcU5weE5QaUNJa3kzeXAxQ0F0UTNzNmROelZ3R09UQXhmdEZkdW90dHVCZXllMzdHaVpubTJPWDJNcDAKSkZMREtWVzJ1akV5cFhQNFZwZWtTbUpDWGZ5SmlNZG90bVpBU3FtTTQrdU93OXhuYWdGSnBRVEpxaElmeUhLdQpqRWFlSXZFazBCV2kyMzRMWU9OR05LUmJpdUZrSEJwc0d2QnlzUi9ZdkR4b0U2cVJlOS8xZEo3TVk2YVgvNUN2CnpLWEt1U0gyZlRIRllXdWJ1dGJYa0I5cFZCQnU4KzEwSVN0c29HNzQxbEdvM3I5ODNEY0NnYXU0OWRzdnZzZ1kKN2YvL3g5VmgvUFJ3YkxqWFdaTFY2T2pwYTdTV3ZmTFRLSHYzeUhaYnpBdVFjZjBpandwcFNpUURDZTh1cDBuKwovOGYzUFJjcGtqazdPbVRhalBtS2s3LzgxNkdiS2FtQ016c1F0WXpKcGtoUmUrRUlyUkR4MHc0YS9zQTU3UFZmCmNja2ZBZEgyR0ZSRFpqZWJ2Y3RHQ0QrSllRSURBUUFCbzBJd1FEQU9CZ05WSFE4QkFmOEVCQU1DQWdRd0R3WUQKVlIwVEFRSC9CQVV3QXdFQi96QWRCZ05WSFE0RUZnUVVVaTFQMUgvMStTdFhncEc2eVdRNlo0ME9CYnN3RFFZSgpLb1pJaHZjTkFRRUxCUUFEZ2dHQkFNaWlZYlNIMHpDUnk2VEVoYi9MNUlxeEZUZjJiQUhaRWZFNjR0VnEzRVlFCjkvMFArd241alRIc3hPTlVsTGFQM2RJTjgzWkVXVVhxKzNRZm1ybFNGZHlXVmtjaStpbUtGbytRdEcrbTFMU0YKVkRKeTVVKzlKeElhZFdyQms3Z2tVWnVCY0tZdFdjWFg0QmdSVmpHQ3huaXZtcWR4RFcvTkxWSjQ1YmxUSDF6TgpSNTZoYmxjSCtmUXZWNS9ITThubkhIRXF3NEpZTThnQzNOZjZYOUZ1SkM3bWZXSjRlQlhzbDlZUGc0QUhac0VSCll2cllTVHk3Ryt3SFNUYzlsSStNUWhVMVBuWlNyN0FmWTNTV2FRcDJDZkhmVkNNU2pqeGNCL2dNNDVYUkh1eVUKS2E5enRNZGttU05aRDBRMUh2aUV4R3lkUU0vN1hrdnM0ZklUb3VXY0ZFY2hpWVR1SzBuYjVpRmptY1hIbXo3cApXaktzRXcwWVJSdmxxeG51cU9DUUZLZU5oM1hER1RteC90SHhlMlFYYm1LOUZ0T0NNMGNycTdxL3FPL0hVMzR2ClRVS2xYMm1NbEU1cCtUalJhSnhoQTNreHJwRExuZHFJQ0YwdHVOcU56WU5uMGtJd0NDMlVQanlhRUFuclhlaXoKVytWVU5KdjFobkVEbytPeGlMaDAyZz09Ci0tLS0tRU5EIENFUlRJRklDQVRFLS0tLS0K"
              }
            ],
            "master_authorized_networks_config": [],
            "master_version": "1.33.4-gke.1350000",
            "mesh_certificates": [],
            "min_master_version": null,
            "monitoring_config": [
              {
                "advanced_datapath_observability_config": [
                  {
                    "enable_metrics": false,
                    "enable_relay": false
                  }
                ],
                "enable_components": [
                  "SYSTEM_COMPONENTS",
                  "DEPLOYMENT",
                  "STATEFULSET",
                  "JOBSET",
                  "STORAGE",
                  "HPA",
                  "POD",
                  "DAEMONSET",
                  "KUBELET",
                  "CADVISOR",
                  "DCGM"
                ],
                "managed_prometheus": [
                  {
                    "auto_monitoring_config": [],
                    "enabled": true
                  }
                ]
              }
            ],
            "monitoring_service": "monitoring.googleapis.com/kubernetes",
            "name": "synapticids-cluster",
            "network": "projects/synapticids/global/networks/default",
            "network_performance_config": [],
            "network_policy": [
              {
                "enabled": false,
                "provider": "PROVIDER_UNSPECIFIED"
              }
            ],
            "networking_mode": "VPC_NATIVE",
            "node_config": [
              {
                "advanced_machine_features": [],
                "boot_disk": [
                  {
                    "disk_type": "pd-balanced",
                    "provisioned_iops": 0,
                    "provisioned_throughput": 0,
                    "size_gb": 50
                  }
                ],
                "boot_disk_kms_key": "",
                "confidential_nodes": [],
                "containerd_config": [],
                "disk_size_gb": 50,
                "disk_type": "pd-balanced",
                "effective_taints": [],
                "enable_confidential_storage": false,
                "ephemeral_storage_local_ssd_config": [],
                "fast_socket": [],
                "flex_start": false,
                "gcfs_config": [],
                "guest_accelerator": [],
                "gvnic": [],
                "host_maintenance_policy": [],
                "image_type": "COS_CONTAINERD",
                "kubelet_config": [
                  {
                    "allowed_unsafe_sysctls": [],
                    "container_log_max_files": 0,
                    "container_log_max_size": "",
                    "cpu_cfs_quota": false,
                    "cpu_cfs_quota_period": "",
                    "cpu_manager_policy": "",
                    "eviction_max_pod_grace_period_seconds": 0,
                    "eviction_minimum_reclaim": [],
                    "eviction_soft": [],
                    "eviction_soft_grace_period": [],
                    "image_gc_high_threshold_percent": 0,
                    "image_gc_low_threshold_percent": 0,
                    "image_maximum_gc_age": "",
                    "image_minimum_gc_age": "",
                    "insecure_kubelet_readonly_port_enabled": "FALSE",
                    "max_parallel_image_pulls": 2,
                    "memory_manager": [],
                    "pod_pids_limit": 0,
                    "single_process_oom_kill": false,
                    "topology_manager": []
                  }
                ],
                "labels": {},
                "linux_node_config": [],
                "local_nvme_ssd_block_config": [],
                "local_ssd_count": 0,
                "local_ssd_encryption_mode": "",
                "logging_variant": "DEFAULT",
                "machine_type": "e2-medium",
                "max_run_duration": "",
                "metadata": {
                  "disable-legacy-endpoints": "true"
                },
                "min_cpu_platform": "",
                "node_group": "",
                "oauth_scopes": [
                  "https://www.googleapis.com/auth/cloud-platform"
                ],
                "preemptible": false,
                "reservation_affinity": [],
                "resource_labels": {
                  "goog-gke-node-pool-provisioning-model": "on-demand"
                },
                "resource_manager_tags": null,
                "secondary_boot_disks": [],
                "service_account": "default",
                "shielded_instance_config": [
                  {
                    "enable_integrity_monitoring": true,
                    "enable_secure_boot": false
                  }
                ],
                "sole_tenant_config": [],
                "spot": false,
                "storage_pools": null,
                "tags": null,
                "taint": [],
                "windows_node_config": [
                  {
                    "osversion": ""
                  }
                ],
                "workload_metadata_config": []
              }
            ],
            "node_locations": [
              "southamerica-east1-a",
              "southamerica-east1-b",
              "southamerica-east1-c"
            ],
            "node_pool": [
              {
                "autoscaling": [],
                "initial_node_count": 1,
                "instance_group_urls": [
                  "https://www.googleapis.com/compute/v1/projects/synapticids/zones/southamerica-east1-a/instanceGroupManagers/gke-synapticids-cluster-default-pool-85c81f5d-grp",
                  "https://www.googleapis.com/compute/v1/projects/synapticids/zones/southamerica-east1-b/instanceGroupManagers/gke-synapticids-cluster-default-pool-499d644b-grp",
                  "https://www.googleapis.com/compute/v1/projects/synapticids/zones/southamerica-east1-c/instanceGroupManagers/gke-synapticids-cluster-default-pool-e3448249-grp"
                ],
                "managed_instance_group_urls": [
                  "https://www.googleapis.com/compute/v1/projects/synapticids/zones/southamerica-east1-a/instanceGroups/gke-synapticids-cluster-default-pool-85c81f5d-grp",
                  "https://www.googleapis.com/compute/v1/projects/synapticids/zones/southamerica-east1-b/instanceGroups/gke-synapticids-cluster-default-pool-499d644b-grp",
                  "https://www.googleapis.com/compute/v1/projects/synapticids/zones/southamerica-east1-c/instanceGroups/gke-synapticids-cluster-default-pool-e3448249-grp"
                ],
                "management": [
                  {
                    "auto_repair": true,
                    "auto_upgrade": true
                  }
                ],
                "max_pods_per_node": 110,
                "name": "default-pool",
                "name_prefix": "",
                "network_config": [
                  {
                    "additional_node_network_configs": [],
                    "additional_pod_network_configs": [],
                    "create_pod_range": false,
                    "enable_private_nodes": false,
                    "network_performance_config": [],
                    "pod_cidr_overprovision_config": [],
                    "pod_ipv4_cidr_block": "10.48.0.0/14",
                    "pod_range": "gke-synapticids-cluster-pods-4824ec7e",
                    "subnetwork": "projects/synapticids/regions/southamerica-east1/subnetworks/default"
                  }
                ],
                "node_config": [
                  {
                    "advanced_machine_features": [],
                    "boot_disk": [
                      {
                        "disk_type": "pd-balanced",
                        "provisioned_iops": 0,
                        "provisioned_throughput": 0,
                        "size_gb": 50
                      }
                    ],
                    "boot_disk_kms_key": "",
                    "confidential_nodes": [],
                    "containerd_config": [],
                    "disk_size_gb": 50,
                    "disk_type": "pd-balanced",
                    "effective_taints": [],
                    "enable_confidential_storage": false,
                    "ephemeral_storage_local_ssd_config": [],
                    "fast_socket": [],
                    "flex_start": false,
                    "gcfs_config": [],
                    "guest_accelerator": [],
                    "gvnic": [],
                    "host_maintenance_policy": [],
                    "image_type": "COS_CONTAINERD",
                    "kubelet_config": [
                      {
                        "allowed_unsafe_sysctls": [],
                        "container_log_max_files": 0,
                        "container_log_max_size": "",
                        "cpu_cfs_quota": false,
                        "cpu_cfs_quota_period": "",
                        "cpu_manager_policy": "",
                        "eviction_max_pod_grace_period_seconds": 0,
                        "eviction_minimum_reclaim": [],
                        "eviction_soft": [],
                        "eviction_soft_grace_period": [],
                        "image_gc_high_threshold_percent": 0,
                        "image_gc_low_threshold_percent": 0,
                        "image_maximum_gc_age": "",
                        "image_minimum_gc_age": "",
                        "insecure_kubelet_readonly_port_enabled": "FALSE",
                        "max_parallel_image_pulls": 2,
                        "memory_manager": [],
                        "pod_pids_limit": 0,
                        "single_process_oom_kill": false,
                        "topology_manager": []
                      }
                    ],
                    "labels": {},
                    "linux_node_config": [],
                    "local_nvme_ssd_block_config": [],
                    "local_ssd_count": 0,
                    "local_ssd_encryption_mode": "",
                    "logging_variant": "DEFAULT",
                    "machine_type": "e2-medium",
                    "max_run_duration": "",
                    "metadata": {
                      "disable-legacy-endpoints": "true"
                    },
                    "min_cpu_platform": "",
                    "node_group": "",
                    "oauth_scopes": [
                      "https://www.googleapis.com/auth/cloud-platform"
                    ],
                    "preemptible": false,
                    "reservation_affinity": [],
                    "resource_labels": {
                      "goog-gke-node-pool-provisioning-model": "on-demand"
                    },
                    "resource_manager_tags": {},
                    "secondary_boot_disks": [],
                    "service_account": "default",
                    "shielded_instance_config": [
                      {
                        "enable_integrity_monitoring": true,
                        "enable_secure_boot": false
                      }
                    ],
                    "sole_tenant_config": [],
                    "spot": false,
                    "storage_pools": [],
                    "tags": [],
                    "taint": [],
                    "windows_node_config": [
                      {
                        "osversion": ""
                      }
                    ],
                    "workload_metadata_config": []
                  }
                ],
                "node_count": 1,
                "node_locations": [
                  "southamerica-east1-a",
                  "southamerica-east1-b",
                  "southamerica-east1-c"
                ],
                "placement_policy": [],
                "queued_provisioning": [],
                "upgrade_settings": [
                  {
                    "blue_green_settings": [],
                    "max_surge": 1,
                    "max_unavailable": 0,
                    "strategy": "SURGE"
                  }
                ],
                "version": "1.33.4-gke.1350000"
              }
            ],
            "node_pool_auto_config": [
              {
                "linux_node_config": [],
                "network_tags": [],
                "node_kubelet_config": [
                  {
                    "insecure_kubelet_readonly_port_enabled": "FALSE"
                  }
                ],
                "resource_manager_tags": {}
              }
            ],
            "node_pool_defaults": [
              {
                "node_config_defaults": [
                  {
                    "containerd_config": [],
                    "gcfs_config": [],
                    "insecure_kubelet_readonly_port_enabled": "FALSE",
                    "logging_variant": "DEFAULT"
                  }
                ]
              }
            ],
            "node_version": "1.33.4-gke.1350000",
            "notification_config": [
              {
                "pubsub": [
                  {
                    "enabled": false,
                    "filter": [],
                    "topic": ""
                  }
                ]
              }
            ],
            "operation": null,
            "pod_autoscaling": [
              {
                "hpa_profile": "PERFORMANCE"
              }
            ],
            "private_cluster_config": [
              {
                "enable_private_endpoint": false,
                "enable_private_nodes": false,
                "master_global_access_config": [
                  {
                    "enabled": false
                  }
                ],
                "master_ipv4_cidr_block": "",
                "peering_name": "",
                "private_endpoint": "10.158.0.2",
                "private_endpoint_subnetwork": "",
                "public_endpoint": "35.247.235.146"
              }
            ],
            "private_ipv6_google_access": "",
            "project": "synapticids",
            "rbac_binding_config": [
              {
                "enable_insecure_binding_system_authenticated": true,
                "enable_insecure_binding_system_unauthenticated": true
              }
            ],
            "release_channel": [
              {
                "channel": "REGULAR"
              }
            ],
            "remove_default_node_pool": null,
            "resource_labels": null,
            "resource_usage_export_config": [],
            "secret_manager_config": [
              {
                "enabled": false,
                "rotation_config": []
              }
            ],
            "security_posture_config": [
              {
                "mode": "BASIC",
                "vulnerability_mode": "VULNERABILITY_MODE_UNSPECIFIED"
              }
            ],
            "self_link": "https://container.googleapis.com/v1/projects/synapticids/locations/southamerica-east1/clusters/synapticids-cluster",
            "service_external_ips_config": [
              {
                "enabled": false
              }
            ],
            "services_ipv4_cidr": "34.118.224.0/20",
            "subnetwork": "projects/synapticids/regions/southamerica-east1/subnetworks/default",
            "terraform_labels": {
              "goog-terraform-provisioned": "true"
            },
            "timeouts": null,
            "tpu_ipv4_cidr_block": "",
            "user_managed_keys_config": [],
            "vertical_pod_autoscaling": [],
            "workload_identity_config": []
          },
          "sensitive_attributes": [
            [
              {
                "type": "get_attr",
                "value": "master_auth"
              },
              {
                "type": "index",
                "value": {
                  "value": 0,
                  "type": "number"
                }
              },
              {
                "type": "get_attr",
                "value": "client_key"
              }
            ]
          ],
          "identity_schema_version": 0,
          "private": "eyJlMmJmYjczMC1lY2FhLTExZTYtOGY4OC0zNDM2M2JjN2M0YzAiOnsiY3JlYXRlIjoyNDAwMDAwMDAwMDAwLCJkZWxldGUiOjI0MDAwMDAwMDAwMDAsInJlYWQiOjI0MDAwMDAwMDAwMDAsInVwZGF0ZSI6MzYwMDAwMDAwMDAwMH0sInNjaGVtYV92ZXJzaW9uIjoiMiJ9"
        }
      ]
    },
    {
      "mode": "managed",
      "type": "google_redis_instance",
      "name": "cache",
      "provider": "provider[\"registry.terraform.io/hashicorp/google\"]",
      "instances": [
        {
          "schema_version": 0,
          "attributes": {
            "alternative_location_id": "",
            "auth_enabled": false,
            "auth_string": "",
            "authorized_network": "projects/synapticids/global/networks/default",
            "connect_mode": "DIRECT_PEERING",
            "create_time": "2025-10-16T13:19:44.169838064Z",
            "current_location_id": "southamerica-east1-a",
            "customer_managed_key": "",
            "display_name": "",
            "effective_labels": {
              "goog-terraform-provisioned": "true"
            },
            "effective_reserved_ip_range": "10.44.95.40/29",
            "host": "10.44.95.43",
            "id": "projects/synapticids/locations/southamerica-east1/instances/synapticids-redis",
            "labels": {},
            "location_id": "southamerica-east1-a",
            "maintenance_policy": [],
            "maintenance_schedule": [],
            "maintenance_version": "20251007_00_00",
            "memory_size_gb": 1,
            "name": "synapticids-redis",
            "nodes": [
              {
                "id": "node-0",
                "zone": "southamerica-east1-a"
              }
            ],
            "persistence_config": [
              {
                "persistence_mode": "DISABLED",
                "rdb_next_snapshot_time": "",
                "rdb_snapshot_period": "",
                "rdb_snapshot_start_time": ""
              }
            ],
            "persistence_iam_identity": "serviceAccount:service-564358826533@cloud-redis.iam.gserviceaccount.com",
            "port": 6379,
            "project": "synapticids",
            "read_endpoint": "",
            "read_endpoint_port": 0,
            "read_replicas_mode": "READ_REPLICAS_DISABLED",
            "redis_configs": {},
            "redis_version": "REDIS_7_0",
            "region": "southamerica-east1",
            "replica_count": 0,
            "reserved_ip_range": null,
            "secondary_ip_range": "",
            "server_ca_certs": [],
            "terraform_labels": {
              "goog-terraform-provisioned": "true"
            },
            "tier": "BASIC",
            "timeouts": null,
            "transit_encryption_mode": "DISABLED"
          },
          "sensitive_attributes": [
            [
              {
                "type": "get_attr",
                "value": "auth_string"
              }
            ]
          ],
          "identity_schema_version": 0,
          "private": "eyJlMmJmYjczMC1lY2FhLTExZTYtOGY4OC0zNDM2M2JjN2M0YzAiOnsiY3JlYXRlIjoxMjAwMDAwMDAwMDAwLCJkZWxldGUiOjEyMDAwMDAwMDAwMDAsInVwZGF0ZSI6MTIwMDAwMDAwMDAwMH19"
        }
      ]
    },
    {
      "mode": "managed",
      "type": "google_sql_database",
      "name": "database",
      "provider": "provider[\"registry.terraform.io/hashicorp/google\"]",
      "instances": [
        {
          "schema_version": 0,
          "attributes": {
            "charset": "UTF8",
            "collation": "en_US.UTF8",
            "deletion_policy": "DELETE",
            "id": "projects/synapticids/instances/synapticids-db-instance/databases/synapticids_db",
            "instance": "synapticids-db-instance",
            "name": "synapticids_db",
            "project": "synapticids",
            "self_link": "https://sqladmin.googleapis.com/sql/v1beta4/projects/synapticids/instances/synapticids-db-instance/databases/synapticids_db",
            "timeouts": null
          },
          "sensitive_attributes": [],
          "identity_schema_version": 0,
          "private": "eyJlMmJmYjczMC1lY2FhLTExZTYtOGY4OC0zNDM2M2JjN2M0YzAiOnsiY3JlYXRlIjoxMjAwMDAwMDAwMDAwLCJkZWxldGUiOjEyMDAwMDAwMDAwMDAsInVwZGF0ZSI6MTIwMDAwMDAwMDAwMH19",
          "dependencies": [
            "google_sql_database_instance.main"
          ]
        }
      ]
    },
    {
      "mode": "managed",
      "type": "google_sql_database_instance",
      "name": "main",
      "provider": "provider[\"registry.terraform.io/hashicorp/google\"]",
      "instances": [
        {
          "schema_version": 0,
          "attributes": {
            "available_maintenance_versions": [],
            "backupdr_backup": null,
            "clone": [],
            "connection_name": "synapticids:southamerica-east1:synapticids-db-instance",
            "database_version": "POSTGRES_14",
            "deletion_protection": true,
            "dns_name": "",
            "dns_names": [],
            "encryption_key_name": null,
            "final_backup_description": null,
            "first_ip_address": "34.39.221.219",
            "id": "synapticids-db-instance",
            "instance_type": "CLOUD_SQL_INSTANCE",
            "ip_address": [
              {
                "ip_address": "34.39.221.219",
                "time_to_retire": "",
                "type": "PRIMARY"
              },
              {
                "ip_address": "34.39.156.40",
                "time_to_retire": "",
                "type": "OUTGOING"
              }
            ],
            "maintenance_version": "POSTGRES_14_19.R20250727.00_29",
            "master_instance_name": "",
            "name": "synapticids-db-instance",
            "node_count": 0,
            "point_in_time_restore_context": [],
            "private_ip_address": "",
            "project": "synapticids",
            "psc_service_attachment_link": "",
            "public_ip_address": "34.39.221.219",
            "region": "southamerica-east1",
            "replica_configuration": [],
            "replica_names": [],
            "replication_cluster": [
              {
                "dr_replica": false,
                "failover_dr_replica_name": "",
                "psa_write_endpoint": ""
              }
            ],
            "restore_backup_context": [],
            "root_password": null,
            "self_link": "https://sqladmin.googleapis.com/sql/v1beta4/projects/synapticids/instances/synapticids-db-instance",
            "server_ca_cert": [
              {
                "cert": "-----BEGIN CERTIFICATE-----\nMIIDfzCCAmegAwIBAgIBADANBgkqhkiG9w0BAQsFADB3MS0wKwYDVQQuEyQ1MmIx\nYzcxOS0wZDUyLTQ3Y2EtODE0OC04ZDg5MzQ5MDEzMjIxIzAhBgNVBAMTGkdvb2ds\nZSBDbG91ZCBTUUwgU2VydmVyIENBMRQwEgYDVQQKEwtHb29nbGUsIEluYzELMAkG\nA1UEBhMCVVMwHhcNMjUxMDE2MTMyMDQ0WhcNMzUxMDE0MTMyMTQ0WjB3MS0wKwYD\nVQQuEyQ1MmIxYzcxOS0wZDUyLTQ3Y2EtODE0OC04ZDg5MzQ5MDEzMjIxIzAhBgNV\nBAMTGkdvb2dsZSBDbG91ZCBTUUwgU2VydmVyIENBMRQwEgYDVQQKEwtHb29nbGUs\nIEluYzELMAkGA1UEBhMCVVMwggEiMA0GCSqGSIb3DQEBAQUAA4IBDwAwggEKAoIB\nAQCtnj00Yl0pnFy5diOOCgqzZQvikV3eXeSYhv8TGA+9mpPtBmOOvgmXOUwPd81O\nyD3vvEG+/TEiVKZrSBzfaEuHO500YlqTl6wUUyyFytl1mwerxBYIPbfRJHipROSS\nEao+Y5hY1VXhnwN/+4N2glh5ptAmbbLMoDezMmVVSQcmYPkXInTY56cgqlRjdOec\nOwDgN43GxdZjJZij0UsC2PCk/5ukXl+H13X75aTuyuxDxhrPcjFRpXF4WsoFJk5q\nVxBb3YvBs0vbQ4KArNuSXzD/bJf5XFcNLkohMxQAzprDuRQzXUMRohqGV4rKyTSx\njJLcjvvtKSB1OxfAJOJTRM6bAgMBAAGjFjAUMBIGA1UdEwEB/wQIMAYBAf8CAQAw\nDQYJKoZIhvcNAQELBQADggEBAHXksBcyHAZ1hX65e4Wa6654ujBA0RfWyEdVFxC8\nEh48wj8rNEqjmb2th5xX5ETbMiilRjbSPq5P+Z0Hm9j1KPb4JtuElyoiFu4sI135\nWGgk3lhw6BjhaBTHQzJprQulKpEA9++gPfOpN9xTSdLSU1M9/o+ve8DB+zogZtjQ\nmfH+X/9NNcPkFlEbsBIpzQWd95OjjZHX712LrM/L0rrV+gcMrH96Uc6GGoNmHwXg\ngu6jvupP+nE0BEiwxtaHR7W7zbkkhgEqH6E7isBNY+0q7kaA8Om2f2SHO6+71DHm\n0p3pJ79uM2HDfjA+QJ65YXDHGpJZIryNZNqHiueEWqSZzzA=\n-----END CERTIFICATE-----",
                "common_name": "C=US,O=Google\\, Inc,CN=Google Cloud SQL Server CA,dnQualifier=52b1c719-0d52-47ca-8148-8d8934901322",
                "create_time": "2025-10-16T13:20:44.589Z",
                "expiration_time": "2035-10-14T13:21:44.589Z",
                "sha1_fingerprint": "d98818b05d9884a000b295d65cbf96ea7bcb5f87"
              }
            ],
            "service_account_email_address": "p564358826533-ebtza1@gcp-sa-cloud-sql.iam.gserviceaccount.com",
            "settings": [
              {
                "activation_policy": "ALWAYS",
                "active_directory_config": [],
                "advanced_machine_features": [],
                "availability_type": "ZONAL",
                "backup_configuration": [
                  {
                    "backup_retention_settings": [
                      {
                        "retained_backups": 7,
                        "retention_unit": "COUNT"
                      }
                    ],
                    "binary_log_enabled": false,
                    "enabled": false,
                    "location": "",
                    "point_in_time_recovery_enabled": false,
                    "start_time": "01:00",
                    "transaction_log_retention_days": 7
                  }
                ],
                "collation": "",
                "connection_pool_config": [],
                "connector_enforcement": "NOT_REQUIRED",
                "data_cache_config": [
                  {
                    "data_cache_enabled": false
                  }
                ],
                "database_flags": [],
                "deletion_protection_enabled": false,
                "deny_maintenance_period": [],
                "disk_autoresize": true,
                "disk_autoresize_limit": 0,
                "disk_size": 10,
                "disk_type": "PD_SSD",
                "edition": "ENTERPRISE",
                "effective_availability_type": "ZONAL",
                "enable_dataplex_integration": false,
                "enable_google_ml_integration": false,
                "final_backup_config": [],
                "insights_config": [],
                "ip_configuration": [
                  {
                    "allocated_ip_range": "",
                    "authorized_networks": [],
                    "custom_subject_alternative_names": [],
                    "enable_private_path_for_google_cloud_services": false,
                    "ipv4_enabled": true,
                    "private_network": "",
                    "psc_config": [],
                    "server_ca_mode": "GOOGLE_MANAGED_INTERNAL_CA",
                    "server_ca_pool": "",
                    "ssl_mode": "ALLOW_UNENCRYPTED_AND_ENCRYPTED"
                  }
                ],
                "location_preference": [
                  {
                    "follow_gae_application": "",
                    "secondary_zone": "",
                    "zone": "southamerica-east1-b"
                  }
                ],
                "maintenance_window": [],
                "password_validation_policy": [],
                "pricing_plan": "PER_USE",
                "retain_backups_on_delete": false,
                "sql_server_audit_config": [],
                "tier": "db-f1-micro",
                "time_zone": "",
                "user_labels": {},
                "version": 1
              }
            ],
            "timeouts": null
          },
          "sensitive_attributes": [
            [
              {
                "type": "get_attr",
                "value": "root_password"
              }
            ],
            [
              {
                "type": "get_attr",
                "value": "server_ca_cert"
              }
            ]
          ],
          "identity_schema_version": 0,
          "private": "eyJlMmJmYjczMC1lY2FhLTExZTYtOGY4OC0zNDM2M2JjN2M0YzAiOnsiY3JlYXRlIjo1NDAwMDAwMDAwMDAwLCJkZWxldGUiOjU0MDAwMDAwMDAwMDAsInVwZGF0ZSI6NTQwMDAwMDAwMDAwMH19"
        }
      ]
    },
    {
      "mode": "managed",
      "type": "google_sql_user",
      "name": "user",
      "provider": "provider[\"registry.terraform.io/hashicorp/google\"]",
      "instances": [
        {
          "schema_version": 1,
          "attributes": {
            "deletion_policy": null,
            "host": "",
            "id": "synapticids_user//synapticids-db-instance",
            "instance": "synapticids-db-instance",
            "name": "synapticids_user",
            "password": "aGmKXr3Man4ZmOvr",
            "password_policy": [],
            "password_wo": null,
            "password_wo_version": null,
            "project": "synapticids",
            "sql_server_user_details": [],
            "timeouts": null,
            "type": ""
          },
          "sensitive_attributes": [
            [
              {
                "type": "get_attr",
                "value": "password"
              }
            ]
          ],
          "identity_schema_version": 0,
          "private": "eyJlMmJmYjczMC1lY2FhLTExZTYtOGY4OC0zNDM2M2JjN2M0YzAiOnsiY3JlYXRlIjo2MDAwMDAwMDAwMDAsImRlbGV0ZSI6NjAwMDAwMDAwMDAwLCJ1cGRhdGUiOjYwMDAwMDAwMDAwMH0sInNjaGVtYV92ZXJzaW9uIjoiMSJ9",
          "dependencies": [
            "google_sql_database_instance.main"
          ]
        }
      ]
    }
  ],
  "check_results": null
}
